
Microsoft Visual Studio Solution File, Format Version 12.00
# Visual Studio 15
VisualStudioVersion = 15.0.27703.2047
MinimumVisualStudioVersion = 10.0.40219.1
Project("{2150E333-8FDC-42A3-9474-1A3956D46DE8}") = "Microservices", "Microservices", "{26EC9962-A118-4360-B001-8C2D9308F23D}"
EndProject
Project("{2150E333-8FDC-42A3-9474-1A3956D46DE8}") = "Domain", "Domain", "{A32581AC-4EB8-4B43-BADB-0FC2D753A5BA}"
EndProject
Project("{2150E333-8FDC-42A3-9474-1A3956D46DE8}") = "Infra.Bus", "Infra.Bus", "{964F9965-C6DA-4D3F-9B9E-166A1E365FA0}"
EndProject
Project("{2150E333-8FDC-42A3-9474-1A3956D46DE8}") = "Infra.IoC", "Infra.IoC", "{EBA140CF-8C91-4E0A-A798-D93574F4B954}"
EndProject
Project("{2150E333-8FDC-42A3-9474-1A3956D46DE8}") = "Presentation", "Presentation", "{04E2DE3A-45B6-4FA3-B3C5-4E1F79DB9510}"
EndProject
Project("{9A19103F-16F7-4668-BE54-9A1E7A4F7556}") = "MicroRabbit.Domain.Core", "MicroRabbit.Domain.Core\MicroRabbit.Domain.Core.csproj", "{87E8CA3F-7EF1-498D-ABEF-2694569A9DFB}"
EndProject
Project("{9A19103F-16F7-4668-BE54-9A1E7A4F7556}") = "MicroRabbit.Infra.Bus", "MicroRabbit.Infra.Bus\MicroRabbit.Infra.Bus.csproj", "{806239E7-2CF7-4E92-A034-F63EEAE98A68}"
EndProject
Project("{9A19103F-16F7-4668-BE54-9A1E7A4F7556}") = "MicroRabbit.Infra.IoC", "MicroRabbit.Infra.IoC\MicroRabbit.Infra.IoC.csproj", "{95106A8D-6A56-40CF-A7AB-8689E40FD961}"
EndProject
Project("{2150E333-8FDC-42A3-9474-1A3956D46DE8}") = "Banking", "Banking", "{0B68840C-1543-4C43-978E-BF5967B6CC84}"
EndProject
Project("{2150E333-8FDC-42A3-9474-1A3956D46DE8}") = "Api", "Api", "{5869EAE5-D3C8-443C-B684-C52C3E10B401}"
EndProject
Project("{2150E333-8FDC-42A3-9474-1A3956D46DE8}") = "Domain", "Domain", "{3F3D6901-DAB8-4139-87F9-2821E8DBAC74}"
EndProject
Project("{2150E333-8FDC-42A3-9474-1A3956D46DE8}") = "Application", "Application", "{1A5DB312-2573-4B9B-85B4-C89433E2DCD3}"
EndProject
Project("{2150E333-8FDC-42A3-9474-1A3956D46DE8}") = "Data", "Data", "{E3BE9F85-8FF6-4D13-85F1-1F52E952F2A5}"
EndProject
Project("{9A19103F-16F7-4668-BE54-9A1E7A4F7556}") = "MicroRabbit.Banking.Api", "MicroRabbit.Banking.Api\MicroRabbit.Banking.Api.csproj", "{05ED6A8B-3E0D-4E0F-8518-9AD09BABF6E3}"
EndProject
Project("{9A19103F-16F7-4668-BE54-9A1E7A4F7556}") = "MicroRabbit.Banking.Application", "MicroRabbit.Banking.Application\MicroRabbit.Banking.Application.csproj", "{E5709F76-7077-476C-B56E-A5BB7B03FBC6}"
EndProject
Project("{9A19103F-16F7-4668-BE54-9A1E7A4F7556}") = "MicroRabbit.Banking.Data", "MicroRabbit.Banking.Data\MicroRabbit.Banking.Data.csproj", "{AA939A74-713F-4757-B4EF-99F66E284096}"
EndProject
Project("{9A19103F-16F7-4668-BE54-9A1E7A4F7556}") = "MicroRabbit.Banking.Domain", "MicroRabbit.Banking.Domain\MicroRabbit.Banking.Domain.csproj", "{89407F5C-B62C-4C7F-ACBE-A57ECCB49FC4}"
EndProject
Project("{2150E333-8FDC-42A3-9474-1A3956D46DE8}") = "Transfer", "Transfer", "{1E94D369-F637-4E35-BB69-D648863FB5BE}"
EndProject
Project("{2150E333-8FDC-42A3-9474-1A3956D46DE8}") = "Api", "Api", "{3672018E-6B0A-4740-987B-700C996B93BF}"
EndProject
Project("{2150E333-8FDC-42A3-9474-1A3956D46DE8}") = "Application", "Application", "{A9896241-2506-491F-885F-4C211DC9C395}"
EndProject
Project("{2150E333-8FDC-42A3-9474-1A3956D46DE8}") = "Data", "Data", "{202D105C-00E2-492D-A495-911E982CA090}"
EndProject
Project("{2150E333-8FDC-42A3-9474-1A3956D46DE8}") = "Domain", "Domain", "{6CB8F95D-5324-46F7-8A51-FF6EF35AFFEF}"
EndProject
Project("{9A19103F-16F7-4668-BE54-9A1E7A4F7556}") = "MicroRabbit.Transfer.Api", "MicroRabbit.Transfer.Api\MicroRabbit.Transfer.Api.csproj", "{E099402D-8C70-4429-9CC9-26016160826E}"
EndProject
Project("{9A19103F-16F7-4668-BE54-9A1E7A4F7556}") = "MicroRabbit.Transfer.Application", "MicroRabbit.Transfer.Application\MicroRabbit.Transfer.Application.csproj", "{88420CE0-C7BF-43C1-9A1F-B273C7BA1468}"
EndProject
Project("{9A19103F-16F7-4668-BE54-9A1E7A4F7556}") = "MicroRabbit.Transfer.Domain", "MicroRabbit.Transfer.Domain\MicroRabbit.Transfer.Domain.csproj", "{2F5B9B5C-364E-4F45-B3BE-057419F7A320}"
EndProject
Project("{9A19103F-16F7-4668-BE54-9A1E7A4F7556}") = "MicroRabbit.Transfer.Data", "MicroRabbit.Transfer.Data\MicroRabbit.Transfer.Data.csproj", "{86771560-49BF-41B2-9651-CC91F5A12168}"
EndProject
Project("{FAE04EC0-301F-11D3-BF4B-00C04F79EFBC}") = "MicroRabbit.MVC", "MicroRabbit.MVC\MicroRabbit.MVC.csproj", "{ACCACCF7-7492-4719-A17B-394160DE3918}"
EndProject
Global
	GlobalSection(SolutionConfigurationPlatforms) = preSolution
		Debug|Any CPU = Debug|Any CPU
		Release|Any CPU = Release|Any CPU
	EndGlobalSection
	GlobalSection(ProjectConfigurationPlatforms) = postSolution
		{87E8CA3F-7EF1-498D-ABEF-2694569A9DFB}.Debug|Any CPU.ActiveCfg = Debug|Any CPU
		{87E8CA3F-7EF1-498D-ABEF-2694569A9DFB}.Debug|Any CPU.Build.0 = Debug|Any CPU
		{87E8CA3F-7EF1-498D-ABEF-2694569A9DFB}.Release|Any CPU.ActiveCfg = Release|Any CPU
		{87E8CA3F-7EF1-498D-ABEF-2694569A9DFB}.Release|Any CPU.Build.0 = Release|Any CPU
		{806239E7-2CF7-4E92-A034-F63EEAE98A68}.Debug|Any CPU.ActiveCfg = Debug|Any CPU
		{806239E7-2CF7-4E92-A034-F63EEAE98A68}.Debug|Any CPU.Build.0 = Debug|Any CPU
		{806239E7-2CF7-4E92-A034-F63EEAE98A68}.Release|Any CPU.ActiveCfg = Release|Any CPU
		{806239E7-2CF7-4E92-A034-F63EEAE98A68}.Release|Any CPU.Build.0 = Release|Any CPU
		{95106A8D-6A56-40CF-A7AB-8689E40FD961}.Debug|Any CPU.ActiveCfg = Debug|Any CPU
		{95106A8D-6A56-40CF-A7AB-8689E40FD961}.Debug|Any CPU.Build.0 = Debug|Any CPU
		{95106A8D-6A56-40CF-A7AB-8689E40FD961}.Release|Any CPU.ActiveCfg = Release|Any CPU
		{95106A8D-6A56-40CF-A7AB-8689E40FD961}.Release|Any CPU.Build.0 = Release|Any CPU
		{05ED6A8B-3E0D-4E0F-8518-9AD09BABF6E3}.Debug|Any CPU.ActiveCfg = Debug|Any CPU
		{05ED6A8B-3E0D-4E0F-8518-9AD09BABF6E3}.Debug|Any CPU.Build.0 = Debug|Any CPU
		{05ED6A8B-3E0D-4E0F-8518-9AD09BABF6E3}.Release|Any CPU.ActiveCfg = Release|Any CPU
		{05ED6A8B-3E0D-4E0F-8518-9AD09BABF6E3}.Release|Any CPU.Build.0 = Release|Any CPU
		{E5709F76-7077-476C-B56E-A5BB7B03FBC6}.Debug|Any CPU.ActiveCfg = Debug|Any CPU
		{E5709F76-7077-476C-B56E-A5BB7B03FBC6}.Debug|Any CPU.Build.0 = Debug|Any CPU
		{E5709F76-7077-476C-B56E-A5BB7B03FBC6}.Release|Any CPU.ActiveCfg = Release|Any CPU
		{E5709F76-7077-476C-B56E-A5BB7B03FBC6}.Release|Any CPU.Build.0 = Release|Any CPU
		{AA939A74-713F-4757-B4EF-99F66E284096}.Debug|Any CPU.ActiveCfg = Debug|Any CPU
		{AA939A74-713F-4757-B4EF-99F66E284096}.Debug|Any CPU.Build.0 = Debug|Any CPU
		{AA939A74-713F-4757-B4EF-99F66E284096}.Release|Any CPU.ActiveCfg = Release|Any CPU
		{AA939A74-713F-4757-B4EF-99F66E284096}.Release|Any CPU.Build.0 = Release|Any CPU
		{89407F5C-B62C-4C7F-ACBE-A57ECCB49FC4}.Debug|Any CPU.ActiveCfg = Debug|Any CPU
		{89407F5C-B62C-4C7F-ACBE-A57ECCB49FC4}.Debug|Any CPU.Build.0 = Debug|Any CPU
		{89407F5C-B62C-4C7F-ACBE-A57ECCB49FC4}.Release|Any CPU.ActiveCfg = Release|Any CPU
		{89407F5C-B62C-4C7F-ACBE-A57ECCB49FC4}.Release|Any CPU.Build.0 = Release|Any CPU
		{E099402D-8C70-4429-9CC9-26016160826E}.Debug|Any CPU.ActiveCfg = Debug|Any CPU
		{E099402D-8C70-4429-9CC9-26016160826E}.Debug|Any CPU.Build.0 = Debug|Any CPU
		{E099402D-8C70-4429-9CC9-26016160826E}.Release|Any CPU.ActiveCfg = Release|Any CPU
		{E099402D-8C70-4429-9CC9-26016160826E}.Release|Any CPU.Build.0 = Release|Any CPU
		{88420CE0-C7BF-43C1-9A1F-B273C7BA1468}.Debug|Any CPU.ActiveCfg = Debug|Any CPU
		{88420CE0-C7BF-43C1-9A1F-B273C7BA1468}.Debug|Any CPU.Build.0 = Debug|Any CPU
		{88420CE0-C7BF-43C1-9A1F-B273C7BA1468}.Release|Any CPU.ActiveCfg = Release|Any CPU
		{88420CE0-C7BF-43C1-9A1F-B273C7BA1468}.Release|Any CPU.Build.0 = Release|Any CPU
		{2F5B9B5C-364E-4F45-B3BE-057419F7A320}.Debug|Any CPU.ActiveCfg = Debug|Any CPU
		{2F5B9B5C-364E-4F45-B3BE-057419F7A320}.Debug|Any CPU.Build.0 = Debug|Any CPU
		{2F5B9B5C-364E-4F45-B3BE-057419F7A320}.Release|Any CPU.ActiveCfg = Release|Any CPU
		{2F5B9B5C-364E-4F45-B3BE-057419F7A320}.Release|Any CPU.Build.0 = Release|Any CPU
		{86771560-49BF-41B2-9651-CC91F5A12168}.Debug|Any CPU.ActiveCfg = Debug|Any CPU
		{86771560-49BF-41B2-9651-CC91F5A12168}.Debug|Any CPU.Build.0 = Debug|Any CPU
		{86771560-49BF-41B2-9651-CC91F5A12168}.Release|Any CPU.ActiveCfg = Release|Any CPU
		{86771560-49BF-41B2-9651-CC91F5A12168}.Release|Any CPU.Build.0 = Release|Any CPU
		{ACCACCF7-7492-4719-A17B-394160DE3918}.Debug|Any CPU.ActiveCfg = Debug|Any CPU
		{ACCACCF7-7492-4719-A17B-394160DE3918}.Debug|Any CPU.Build.0 = Debug|Any CPU
		{ACCACCF7-7492-4719-A17B-394160DE3918}.Release|Any CPU.ActiveCfg = Release|Any CPU
		{ACCACCF7-7492-4719-A17B-394160DE3918}.Release|Any CPU.Build.0 = Release|Any CPU
	EndGlobalSection
	GlobalSection(SolutionProperties) = preSolution
		HideSolutionNode = FALSE
	EndGlobalSection
	GlobalSection(NestedProjects) = preSolution
		{87E8CA3F-7EF1-498D-ABEF-2694569A9DFB} = {A32581AC-4EB8-4B43-BADB-0FC2D753A5BA}
		{806239E7-2CF7-4E92-A034-F63EEAE98A68} = {964F9965-C6DA-4D3F-9B9E-166A1E365FA0}
		{95106A8D-6A56-40CF-A7AB-8689E40FD961} = {EBA140CF-8C91-4E0A-A798-D93574F4B954}
		{0B68840C-1543-4C43-978E-BF5967B6CC84} = {26EC9962-A118-4360-B001-8C2D9308F23D}
		{5869EAE5-D3C8-443C-B684-C52C3E10B401} = {0B68840C-1543-4C43-978E-BF5967B6CC84}
		{3F3D6901-DAB8-4139-87F9-2821E8DBAC74} = {0B68840C-1543-4C43-978E-BF5967B6CC84}
		{1A5DB312-2573-4B9B-85B4-C89433E2DCD3} = {0B68840C-1543-4C43-978E-BF5967B6CC84}
		{E3BE9F85-8FF6-4D13-85F1-1F52E952F2A5} = {0B68840C-1543-4C43-978E-BF5967B6CC84}
		{05ED6A8B-3E0D-4E0F-8518-9AD09BABF6E3} = {5869EAE5-D3C8-443C-B684-C52C3E10B401}
		{E5709F76-7077-476C-B56E-A5BB7B03FBC6} = {1A5DB312-2573-4B9B-85B4-C89433E2DCD3}
		{AA939A74-713F-4757-B4EF-99F66E284096} = {E3BE9F85-8FF6-4D13-85F1-1F52E952F2A5}
		{89407F5C-B62C-4C7F-ACBE-A57ECCB49FC4} = {3F3D6901-DAB8-4139-87F9-2821E8DBAC74}
		{1E94D369-F637-4E35-BB69-D648863FB5BE} = {26EC9962-A118-4360-B001-8C2D9308F23D}
		{3672018E-6B0A-4740-987B-700C996B93BF} = {1E94D369-F637-4E35-BB69-D648863FB5BE}
		{A9896241-2506-491F-885F-4C211DC9C395} = {1E94D369-F637-4E35-BB69-D648863FB5BE}
		{202D105C-00E2-492D-A495-911E982CA090} = {1E94D369-F637-4E35-BB69-D648863FB5BE}
		{6CB8F95D-5324-46F7-8A51-FF6EF35AFFEF} = {1E94D369-F637-4E35-BB69-D648863FB5BE}
		{E099402D-8C70-4429-9CC9-26016160826E} = {3672018E-6B0A-4740-987B-700C996B93BF}
		{88420CE0-C7BF-43C1-9A1F-B273C7BA1468} = {A9896241-2506-491F-885F-4C211DC9C395}
		{2F5B9B5C-364E-4F45-B3BE-057419F7A320} = {6CB8F95D-5324-46F7-8A51-FF6EF35AFFEF}
		{86771560-49BF-41B2-9651-CC91F5A12168} = {202D105C-00E2-492D-A495-911E982CA090}
		{ACCACCF7-7492-4719-A17B-394160DE3918} = {04E2DE3A-45B6-4FA3-B3C5-4E1F79DB9510}
	EndGlobalSection
	GlobalSection(ExtensibilityGlobals) = postSolution
		SolutionGuid = {B0C075DF-8E95-40C4-BC17-7D9D0B92166D}
	EndGlobalSection
EndGlobal
